PODS:
  - Flutter (1.0.0)
  - flutter_measure_formatter (0.0.1):
    - Flutter

DEPENDENCIES:
  - Flutter (from `.symlinks/flutter/ios`)
  - flutter_measure_formatter (from `.symlinks/plugins/flutter_measure_formatter/ios`)

EXTERNAL SOURCES:
  Flutter:
    :path: ".symlinks/flutter/ios"
  flutter_measure_formatter:
    :path: ".symlinks/plugins/flutter_measure_formatter/ios"

SPEC CHECKSUMS:
  Flutter: 0e3d915762c693b495b44d77113d4970485de6ec
  flutter_measure_formatter: 739163ce2f1d453706d37807c259d3f2e46d5d02

PODFILE CHECKSUM: b6a0a141693093b304368d08511b46cf3d1d0ac5

COCOAPODS: 1.8.4
